
Microsoft Visual Studio Solution File, Format Version 12.00
# Visual Studio Version 16
VisualStudioVersion = 16.0.29409.12
MinimumVisualStudioVersion = 10.0.40219.1
Project("{FAE04EC0-301F-11D3-BF4B-00C04F79EFBC}") = "GA.ConsoleApp", "GA.Console\GA.ConsoleApp.csproj", "{A7B021EC-010E-40C0-82A9-65EBD611A4D3}"
EndProject
Project("{FAE04EC0-301F-11D3-BF4B-00C04F79EFBC}") = "GA.Domain", "GA.Domain\GA.Domain.csproj", "{EBADADA2-C73D-497F-AB46-C8DF21AE4CB9}"
EndProject
Project("{FAE04EC0-301F-11D3-BF4B-00C04F79EFBC}") = "GA.XUnitTests", "GA.XUnitTests\GA.XUnitTests.csproj", "{E68030DA-C804-4AA3-BD0B-9F0E34D64FEA}"
EndProject
Global
	GlobalSection(SolutionConfigurationPlatforms) = preSolution
		Debug|Any CPU = Debug|Any CPU
		Release|Any CPU = Release|Any CPU
	EndGlobalSection
	GlobalSection(ProjectConfigurationPlatforms) = postSolution
		{A7B021EC-010E-40C0-82A9-65EBD611A4D3}.Debug|Any CPU.ActiveCfg = Debug|Any CPU
		{A7B021EC-010E-40C0-82A9-65EBD611A4D3}.Debug|Any CPU.Build.0 = Debug|Any CPU
		{A7B021EC-010E-40C0-82A9-65EBD611A4D3}.Release|Any CPU.ActiveCfg = Release|Any CPU
		{A7B021EC-010E-40C0-82A9-65EBD611A4D3}.Release|Any CPU.Build.0 = Release|Any CPU
		{EBADADA2-C73D-497F-AB46-C8DF21AE4CB9}.Debug|Any CPU.ActiveCfg = Debug|Any CPU
		{EBADADA2-C73D-497F-AB46-C8DF21AE4CB9}.Debug|Any CPU.Build.0 = Debug|Any CPU
		{EBADADA2-C73D-497F-AB46-C8DF21AE4CB9}.Release|Any CPU.ActiveCfg = Release|Any CPU
		{EBADADA2-C73D-497F-AB46-C8DF21AE4CB9}.Release|Any CPU.Build.0 = Release|Any CPU
		{E68030DA-C804-4AA3-BD0B-9F0E34D64FEA}.Debug|Any CPU.ActiveCfg = Debug|Any CPU
		{E68030DA-C804-4AA3-BD0B-9F0E34D64FEA}.Debug|Any CPU.Build.0 = Debug|Any CPU
		{E68030DA-C804-4AA3-BD0B-9F0E34D64FEA}.Release|Any CPU.ActiveCfg = Release|Any CPU
		{E68030DA-C804-4AA3-BD0B-9F0E34D64FEA}.Release|Any CPU.Build.0 = Release|Any CPU
	EndGlobalSection
	GlobalSection(SolutionProperties) = preSolution
		HideSolutionNode = FALSE
	EndGlobalSection
	GlobalSection(ExtensibilityGlobals) = postSolution
		SolutionGuid = {018AEBA5-5AC2-4859-9B82-7621B7D1D24F}
	EndGlobalSection
EndGlobal
